
Microsoft Visual Studio Solution File, Format Version 11.00
# Visual Studio 2010
Project("{FAE04EC0-301F-11D3-BF4B-00C04F79EFBC}") = "testSvn", "Assembly-CSharp.csproj", "{07A5FA7F-FA10-642D-A96F-A6B4D1EC306F}"
EndProject
Project("{FAE04EC0-301F-11D3-BF4B-00C04F79EFBC}") = "testSvn", "Assembly-CSharp-Editor.csproj", "{B6F66379-48ED-E6F0-58A7-323F528128C8}"
EndProject
Global
	GlobalSection(SolutionConfigurationPlatforms) = preSolution
		Debug|Any CPU = Debug|Any CPU
		Release|Any CPU = Release|Any CPU
	EndGlobalSection
	GlobalSection(ProjectConfigurationPlatforms) = postSolution
		{07A5FA7F-FA10-642D-A96F-A6B4D1EC306F}.Debug|Any CPU.ActiveCfg = Debug|Any CPU
		{07A5FA7F-FA10-642D-A96F-A6B4D1EC306F}.Debug|Any CPU.Build.0 = Debug|Any CPU
		{07A5FA7F-FA10-642D-A96F-A6B4D1EC306F}.Release|Any CPU.ActiveCfg = Release|Any CPU
		{07A5FA7F-FA10-642D-A96F-A6B4D1EC306F}.Release|Any CPU.Build.0 = Release|Any CPU
		{B6F66379-48ED-E6F0-58A7-323F528128C8}.Debug|Any CPU.ActiveCfg = Debug|Any CPU
		{B6F66379-48ED-E6F0-58A7-323F528128C8}.Debug|Any CPU.Build.0 = Debug|Any CPU
		{B6F66379-48ED-E6F0-58A7-323F528128C8}.Release|Any CPU.ActiveCfg = Release|Any CPU
		{B6F66379-48ED-E6F0-58A7-323F528128C8}.Release|Any CPU.Build.0 = Release|Any CPU
	EndGlobalSection
	GlobalSection(SolutionProperties) = preSolution
		HideSolutionNode = FALSE
	EndGlobalSection
	GlobalSection(MonoDevelopProperties) = preSolution
		StartupItem = Assembly-CSharp.csproj
	EndGlobalSection
EndGlobal
